
Microsoft Visual Studio Solution File, Format Version 12.00
# Visual Studio Version 17
VisualStudioVersion = 17.9.34728.123
MinimumVisualStudioVersion = 10.0.40219.1
Project("{FAE04EC0-301F-11D3-BF4B-00C04F79EFBC}") = "CronBuilder", "CronBuilder\CronBuilder.csproj", "{65172716-B645-4BD2-B2B9-64B10048C4DE}"
EndProject
Project("{FAE04EC0-301F-11D3-BF4B-00C04F79EFBC}") = "CronBuilderExample", "CronBuilderExample\CronBuilderExample.csproj", "{36C3F3BB-0043-4D48-A226-80982383B159}"
EndProject
Global
	GlobalSection(SolutionConfigurationPlatforms) = preSolution
		Debug|Any CPU = Debug|Any CPU
		Release|Any CPU = Release|Any CPU
	EndGlobalSection
	GlobalSection(ProjectConfigurationPlatforms) = postSolution
		{65172716-B645-4BD2-B2B9-64B10048C4DE}.Debug|Any CPU.ActiveCfg = Debug|Any CPU
		{65172716-B645-4BD2-B2B9-64B10048C4DE}.Debug|Any CPU.Build.0 = Debug|Any CPU
		{65172716-B645-4BD2-B2B9-64B10048C4DE}.Release|Any CPU.ActiveCfg = Release|Any CPU
		{65172716-B645-4BD2-B2B9-64B10048C4DE}.Release|Any CPU.Build.0 = Release|Any CPU
		{36C3F3BB-0043-4D48-A226-80982383B159}.Debug|Any CPU.ActiveCfg = Debug|Any CPU
		{36C3F3BB-0043-4D48-A226-80982383B159}.Debug|Any CPU.Build.0 = Debug|Any CPU
		{36C3F3BB-0043-4D48-A226-80982383B159}.Release|Any CPU.ActiveCfg = Release|Any CPU
		{36C3F3BB-0043-4D48-A226-80982383B159}.Release|Any CPU.Build.0 = Release|Any CPU
	EndGlobalSection
	GlobalSection(SolutionProperties) = preSolution
		HideSolutionNode = FALSE
	EndGlobalSection
	GlobalSection(ExtensibilityGlobals) = postSolution
		SolutionGuid = {7C8B2AFF-3CFE-4491-BA84-D7008A7F8F54}
	EndGlobalSection
EndGlobal
